{
  "name": "gestion-absences",
  "version": "0.1.0",
  "lockfileVersion": 3,
  "requires": true,
  "packages": {
    "": {
      "name": "gestion-absences",
      "version": "0.1.0",
      "dependencies": {
        "@prisma/client": "^6.4.1",
        "cross-env": "^7.0.3",
        "next": "15.1.7",
        "react": "^19.0.0",
        "react-dom": "^19.0.0"
      },
      "devDependencies": {
        "@eslint/eslintrc": "^3",
        "eslint": "^9",
        "eslint-config-next": "15.1.7",
        "postcss": "^8",
        "prisma": "^6.4.1",
        "tailwindcss": "^3.4.1"
      }
    }
  }
}
